
Microsoft Visual Studio Solution File, Format Version 12.00
# Visual Studio Version 17
VisualStudioVersion = 17.5.33530.505
MinimumVisualStudioVersion = 10.0.40219.1
Project("{FAE04EC0-301F-11D3-BF4B-00C04F79EFBC}") = "ElevatorDispatching", "ElevatorDispatching\ElevatorDispatching.csproj", "{42F11AA6-8F45-4848-9677-EE0A223F16CC}"
EndProject
Global
	GlobalSection(SolutionConfigurationPlatforms) = preSolution
		Debug|Any CPU = Debug|Any CPU
		Release|Any CPU = Release|Any CPU
	EndGlobalSection
	GlobalSection(ProjectConfigurationPlatforms) = postSolution
		{42F11AA6-8F45-4848-9677-EE0A223F16CC}.Debug|Any CPU.ActiveCfg = Debug|Any CPU
		{42F11AA6-8F45-4848-9677-EE0A223F16CC}.Debug|Any CPU.Build.0 = Debug|Any CPU
		{42F11AA6-8F45-4848-9677-EE0A223F16CC}.Release|Any CPU.ActiveCfg = Release|Any CPU
		{42F11AA6-8F45-4848-9677-EE0A223F16CC}.Release|Any CPU.Build.0 = Release|Any CPU
	EndGlobalSection
	GlobalSection(SolutionProperties) = preSolution
		HideSolutionNode = FALSE
	EndGlobalSection
	GlobalSection(ExtensibilityGlobals) = postSolution
		SolutionGuid = {D5025280-C9B6-494D-890A-5F18BAE318FE}
	EndGlobalSection
EndGlobal
